
Microsoft Visual Studio Solution File, Format Version 12.00
# Visual Studio Version 17
VisualStudioVersion = 17.11.35327.3
MinimumVisualStudioVersion = 10.0.40219.1
Project("{FAE04EC0-301F-11D3-BF4B-00C04F79EFBC}") = "task_1", "task_1\task_1.csproj", "{A7025AC6-4122-4500-96A7-6645783B2E4E}"
EndProject
Project("{FAE04EC0-301F-11D3-BF4B-00C04F79EFBC}") = "task_2", "task_2\task_2.csproj", "{A4C273F1-9A2C-466E-9AF8-14B7C8B0B71C}"
EndProject
Project("{FAE04EC0-301F-11D3-BF4B-00C04F79EFBC}") = "task_3", "task_3\task_3.csproj", "{CF3DCCC3-0C07-4E31-9FAB-0AE85A7A0070}"
EndProject
Project("{FAE04EC0-301F-11D3-BF4B-00C04F79EFBC}") = "task_4", "task_4\task_4.csproj", "{465EAE56-5821-485E-BB88-B3E00506FCA9}"
EndProject
Project("{FAE04EC0-301F-11D3-BF4B-00C04F79EFBC}") = "task_5", "task_5\task_5.csproj", "{BE245124-3E65-4156-8C75-35E6499C7EFD}"
EndProject
Global
	GlobalSection(SolutionConfigurationPlatforms) = preSolution
		Debug|Any CPU = Debug|Any CPU
		Release|Any CPU = Release|Any CPU
	EndGlobalSection
	GlobalSection(ProjectConfigurationPlatforms) = postSolution
		{A7025AC6-4122-4500-96A7-6645783B2E4E}.Debug|Any CPU.ActiveCfg = Debug|Any CPU
		{A7025AC6-4122-4500-96A7-6645783B2E4E}.Debug|Any CPU.Build.0 = Debug|Any CPU
		{A7025AC6-4122-4500-96A7-6645783B2E4E}.Release|Any CPU.ActiveCfg = Release|Any CPU
		{A7025AC6-4122-4500-96A7-6645783B2E4E}.Release|Any CPU.Build.0 = Release|Any CPU
		{A4C273F1-9A2C-466E-9AF8-14B7C8B0B71C}.Debug|Any CPU.ActiveCfg = Debug|Any CPU
		{A4C273F1-9A2C-466E-9AF8-14B7C8B0B71C}.Debug|Any CPU.Build.0 = Debug|Any CPU
		{A4C273F1-9A2C-466E-9AF8-14B7C8B0B71C}.Release|Any CPU.ActiveCfg = Release|Any CPU
		{A4C273F1-9A2C-466E-9AF8-14B7C8B0B71C}.Release|Any CPU.Build.0 = Release|Any CPU
		{CF3DCCC3-0C07-4E31-9FAB-0AE85A7A0070}.Debug|Any CPU.ActiveCfg = Debug|Any CPU
		{CF3DCCC3-0C07-4E31-9FAB-0AE85A7A0070}.Debug|Any CPU.Build.0 = Debug|Any CPU
		{CF3DCCC3-0C07-4E31-9FAB-0AE85A7A0070}.Release|Any CPU.ActiveCfg = Release|Any CPU
		{CF3DCCC3-0C07-4E31-9FAB-0AE85A7A0070}.Release|Any CPU.Build.0 = Release|Any CPU
		{465EAE56-5821-485E-BB88-B3E00506FCA9}.Debug|Any CPU.ActiveCfg = Debug|Any CPU
		{465EAE56-5821-485E-BB88-B3E00506FCA9}.Debug|Any CPU.Build.0 = Debug|Any CPU
		{465EAE56-5821-485E-BB88-B3E00506FCA9}.Release|Any CPU.ActiveCfg = Release|Any CPU
		{465EAE56-5821-485E-BB88-B3E00506FCA9}.Release|Any CPU.Build.0 = Release|Any CPU
		{BE245124-3E65-4156-8C75-35E6499C7EFD}.Debug|Any CPU.ActiveCfg = Debug|Any CPU
		{BE245124-3E65-4156-8C75-35E6499C7EFD}.Debug|Any CPU.Build.0 = Debug|Any CPU
		{BE245124-3E65-4156-8C75-35E6499C7EFD}.Release|Any CPU.ActiveCfg = Release|Any CPU
		{BE245124-3E65-4156-8C75-35E6499C7EFD}.Release|Any CPU.Build.0 = Release|Any CPU
	EndGlobalSection
	GlobalSection(SolutionProperties) = preSolution
		HideSolutionNode = FALSE
	EndGlobalSection
	GlobalSection(ExtensibilityGlobals) = postSolution
		SolutionGuid = {E531E554-34C3-4B6E-A18F-5DA1A4D0FC3A}
	EndGlobalSection
EndGlobal
